// !$*UTF8*$!
{
	archiveVersion = 1;
	classes = {
	};
	objectVersion = 46;
	objects = {

/* Begin PBXBuildFile section */
		09EAA5931C5AECF300CF3E21 /* AppDelegate.swift in Sources */ = {isa = PBXBuildFile; fileRef = 09EAA5921C5AECF300CF3E21 /* AppDelegate.swift */; };
		09EAA5951C5AECF300CF3E21 /* ViewController.swift in Sources */ = {isa = PBXBuildFile; fileRef = 09EAA5941C5AECF300CF3E21 /* ViewController.swift */; };
		09EAA5981C5AECF300CF3E21 /* Main.storyboard in Resources */ = {isa = PBXBuildFile; fileRef = 09EAA5961C5AECF300CF3E21 /* Main.storyboard */; };
		09EAA59A1C5AECF300CF3E21 /* Assets.xcassets in Resources */ = {isa = PBXBuildFile; fileRef = 09EAA5991C5AECF300CF3E21 /* Assets.xcassets */; };
		09EAA59D1C5AECF300CF3E21 /* LaunchScreen.storyboard in Resources */ = {isa = PBXBuildFile; fileRef = 09EAA59B1C5AECF300CF3E21 /* LaunchScreen.storyboard */; };
		09EAA5A81C5AECF300CF3E21 /* Sping_Push_NotificationTests.swift in Sources */ = {isa = PBXBuildFile; fileRef = 09EAA5A71C5AECF300CF3E21 /* Sping_Push_NotificationTests.swift */; };
		09EAA5B31C5AECF300CF3E21 /* Sping_Push_NotificationUITests.swift in Sources */ = {isa = PBXBuildFile; fileRef = 09EAA5B21C5AECF300CF3E21 /* Sping_Push_NotificationUITests.swift */; };
/* End PBXBuildFile section */

/* Begin PBXContainerItemProxy section */
		09EAA5A41C5AECF300CF3E21 /* PBXContainerItemProxy */ = {
			isa = PBXContainerItemProxy;
			containerPortal = 09EAA5871C5AECF300CF3E21 /* Project object */;
			proxyType = 1;
			remoteGlobalIDString = 09EAA58E1C5AECF300CF3E21;
			remoteInfo = "Sping Push Notification";
		};
		09EAA5AF1C5AECF300CF3E21 /* PBXContainerItemProxy */ = {
			isa = PBXContainerItemProxy;
			containerPortal = 09EAA5871C5AECF300CF3E21 /* Project object */;
			proxyType = 1;
			remoteGlobalIDString = 09EAA58E1C5AECF300CF3E21;
			remoteInfo = "Sping Push Notification";
		};
/* End PBXContainerItemProxy section */

/* Begin PBXFileReference section */
		09EAA58F1C5AECF300CF3E21 /* Sping Push Notification.app */ = {isa = PBXFileReference; explicitFileType = wrapper.application; includeInIndex = 0; path = "Sping Push Notification.app"; sourceTree = BUILT_PRODUCTS_DIR; };
		09EAA5921C5AECF300CF3E21 /* AppDelegate.swift */ = {isa = PBXFileReference; lastKnownFileType = sourcecode.swift; path = AppDelegate.swift; sourceTree = "<group>"; };
		09EAA5941C5AECF300CF3E21 /* ViewController.swift */ = {isa = PBXFileReference; lastKnownFileType = sourcecode.swift; path = ViewController.swift; sourceTree = "<group>"; };
		09EAA5971C5AECF300CF3E21 /* Base */ = {isa = PBXFileReference; lastKnownFileType = file.storyboard; name = Base; path = Base.lproj/Main.storyboard; sourceTree = "<group>"; };
		09EAA5991C5AECF300CF3E21 /* Assets.xcassets */ = {isa = PBXFileReference; lastKnownFileType = folder.assetcatalog; path = Assets.xcassets; sourceTree = "<group>"; };
		09EAA59C1C5AECF300CF3E21 /* Base */ = {isa = PBXFileReference; lastKnownFileType = file.storyboard; name = Base; path = Base.lproj/LaunchScreen.storyboard; sourceTree = "<group>"; };
		09EAA59E1C5AECF300CF3E21 /* Info.plist */ = {isa = PBXFileReference; lastKnownFileType = text.plist.xml; path = Info.plist; sourceTree = "<group>"; };
		09EAA5A31C5AECF300CF3E21 /* Sping Push NotificationTests.xctest */ = {isa = PBXFileReference; explicitFileType = wrapper.cfbundle; includeInIndex = 0; path = "Sping Push NotificationTests.xctest"; sourceTree = BUILT_PRODUCTS_DIR; };
		09EAA5A71C5AECF300CF3E21 /* Sping_Push_NotificationTests.swift */ = {isa = PBXFileReference; lastKnownFileType = sourcecode.swift; path = Sping_Push_NotificationTests.swift; sourceTree = "<group>"; };
		09EAA5A91C5AECF300CF3E21 /* Info.plist */ = {isa = PBXFileReference; lastKnownFileType = text.plist.xml; path = Info.plist; sourceTree = "<group>"; };
		09EAA5AE1C5AECF300CF3E21 /* Sping Push NotificationUITests.xctest */ = {isa = PBXFileReference; explicitFileType = wrapper.cfbundle; includeInIndex = 0; path = "Sping Push NotificationUITests.xctest"; sourceTree = BUILT_PRODUCTS_DIR; };
		09EAA5B21C5AECF300CF3E21 /* Sping_Push_NotificationUITests.swift */ = {isa = PBXFileReference; lastKnownFileType = sourcecode.swift; path = Sping_Push_NotificationUITests.swift; sourceTree = "<group>"; };
		09EAA5B41C5AECF300CF3E21 /* Info.plist */ = {isa = PBXFileReference; lastKnownFileType = text.plist.xml; path = Info.plist; sourceTree = "<group>"; };
/* End PBXFileReference section */

/* Begin PBXFrameworksBuildPhase section */
		09EAA58C1C5AECF300CF3E21 /* Frameworks */ = {
			isa = PBXFrameworksBuildPhase;
			buildActionMask = 2147483647;
			files = (
			);
			runOnlyForDeploymentPostprocessing = 0;
		};
		09EAA5A01C5AECF300CF3E21 /* Frameworks */ = {
			isa = PBXFrameworksBuildPhase;
			buildActionMask = 2147483647;
			files = (
			);
			runOnlyForDeploymentPostprocessing = 0;
		};
		09EAA5AB1C5AECF300CF3E21 /* Frameworks */ = {
			isa = PBXFrameworksBuildPhase;
			buildActionMask = 2147483647;
			files = (
			);
			runOnlyForDeploymentPostprocessing = 0;
		};
/* End PBXFrameworksBuildPhase section */

/* Begin PBXGroup section */
		09EAA5861C5AECF300CF3E21 = {
			isa = PBXGroup;
			children = (
				09EAA5911C5AECF300CF3E21 /* Sping Push Notification */,
				09EAA5A61C5AECF300CF3E21 /* Sping Push NotificationTests */,
				09EAA5B11C5AECF300CF3E21 /* Sping Push NotificationUITests */,
				09EAA5901C5AECF300CF3E21 /* Products */,
			);
			sourceTree = "<group>";
		};
		09EAA5901C5AECF300CF3E21 /* Products */ = {
			isa = PBXGroup;
			children = (
				09EAA58F1C5AECF300CF3E21 /* Sping Push Notification.app */,
				09EAA5A31C5AECF300CF3E21 /* Sping Push NotificationTests.xctest */,
				09EAA5AE1C5AECF300CF3E21 /* Sping Push NotificationUITests.xctest */,
			);
			name = Products;
			sourceTree = "<group>";
		};
		09EAA5911C5AECF300CF3E21 /* Sping Push Notification */ = {
			isa = PBXGroup;
			children = (
				09EAA5921C5AECF300CF3E21 /* AppDelegate.swift */,
				09EAA5941C5AECF300CF3E21 /* ViewController.swift */,
				09EAA5961C5AECF300CF3E21 /* Main.storyboard */,
				09EAA5991C5AECF300CF3E21 /* Assets.xcassets */,
				09EAA59B1C5AECF300CF3E21 /* LaunchScreen.storyboard */,
				09EAA59E1C5AECF300CF3E21 /* Info.plist */,
			);
			path = "Sping Push Notification";
			sourceTree = "<group>";
		};
		09EAA5A61C5AECF300CF3E21 /* Sping Push NotificationTests */ = {
			isa = PBXGroup;
			children = (
				09EAA5A71C5AECF300CF3E21 /* Sping_Push_NotificationTests.swift */,
				09EAA5A91C5AECF300CF3E21 /* Info.plist */,
			);
			path = "Sping Push NotificationTests";
			sourceTree = "<group>";
		};
		09EAA5B11C5AECF300CF3E21 /* Sping Push NotificationUITests */ = {
			isa = PBXGroup;
			children = (
				09EAA5B21C5AECF300CF3E21 /* Sping_Push_NotificationUITests.swift */,
				09EAA5B41C5AECF300CF3E21 /* Info.plist */,
			);
			path = "Sping Push NotificationUITests";
			sourceTree = "<group>";
		};
/* End PBXGroup section */

/* Begin PBXNativeTarget section */
		09EAA58E1C5AECF300CF3E21 /* Sping Push Notification */ = {
			isa = PBXNativeTarget;
			buildConfigurationList = 09EAA5B71C5AECF300CF3E21 /* Build configuration list for PBXNativeTarget "Sping Push Notification" */;
			buildPhases = (
				09EAA58B1C5AECF300CF3E21 /* Sources */,
				09EAA58C1C5AECF300CF3E21 /* Frameworks */,
				09EAA58D1C5AECF300CF3E21 /* Resources */,
			);
			buildRules = (
			);
			dependencies = (
			);
			name = "Sping Push Notification";
			productName = "Sping Push Notification";
			productReference = 09EAA58F1C5AECF300CF3E21 /* Sping Push Notification.app */;
			productType = "com.apple.product-type.application";
		};
		09EAA5A21C5AECF300CF3E21 /* Sping Push NotificationTests */ = {
			isa = PBXNativeTarget;
			buildConfigurationList = 09EAA5BA1C5AECF300CF3E21 /* Build configuration list for PBXNativeTarget "Sping Push NotificationTests" */;
			buildPhases = (
				09EAA59F1C5AECF300CF3E21 /* Sources */,
				09EAA5A01C5AECF300CF3E21 /* Frameworks */,
				09EAA5A11C5AECF300CF3E21 /* Resources */,
			);
			buildRules = (
			);
			dependencies = (
				09EAA5A51C5AECF300CF3E21 /* PBXTargetDependency */,
			);
			name = "Sping Push NotificationTests";
			productName = "Sping Push NotificationTests";
			productReference = 09EAA5A31C5AECF300CF3E21 /* Sping Push NotificationTests.xctest */;
			productType = "com.apple.product-type.bundle.unit-test";
		};
		09EAA5AD1C5AECF300CF3E21 /* Sping Push NotificationUITests */ = {
			isa = PBXNativeTarget;
			buildConfigurationList = 09EAA5BD1C5AECF300CF3E21 /* Build configuration list for PBXNativeTarget "Sping Push NotificationUITests" */;
			buildPhases = (
				09EAA5AA1C5AECF300CF3E21 /* Sources */,
				09EAA5AB1C5AECF300CF3E21 /* Frameworks */,
				09EAA5AC1C5AECF300CF3E21 /* Resources */,
			);
			buildRules = (
			);
			dependencies = (
				09EAA5B01C5AECF300CF3E21 /* PBXTargetDependency */,
			);
			name = "Sping Push NotificationUITests";
			productName = "Sping Push NotificationUITests";
			productReference = 09EAA5AE1C5AECF300CF3E21 /* Sping Push NotificationUITests.xctest */;
			productType = "com.apple.product-type.bundle.ui-testing";
		};
/* End PBXNativeTarget section */

/* Begin PBXProject section */
		09EAA5871C5AECF300CF3E21 /* Project object */ = {
			isa = PBXProject;
			attributes = {
				LastSwiftUpdateCheck = 0720;
				LastUpgradeCheck = 0720;
				ORGANIZATIONNAME = sping.com.au;
				TargetAttributes = {
					09EAA58E1C5AECF300CF3E21 = {
						CreatedOnToolsVersion = 7.2;
						DevelopmentTeam = AZQ5XWD6SH;
					};
					09EAA5A21C5AECF300CF3E21 = {
						CreatedOnToolsVersion = 7.2;
						TestTargetID = 09EAA58E1C5AECF300CF3E21;
					};
					09EAA5AD1C5AECF300CF3E21 = {
						CreatedOnToolsVersion = 7.2;
						TestTargetID = 09EAA58E1C5AECF300CF3E21;
					};
				};
			};
			buildConfigurationList = 09EAA58A1C5AECF300CF3E21 /* Build configuration list for PBXProject "Sping Push Notification" */;
			compatibilityVersion = "Xcode 3.2";
			developmentRegion = English;
			hasScannedForEncodings = 0;
			knownRegions = (
				en,
				Base,
			);
			mainGroup = 09EAA5861C5AECF300CF3E21;
			productRefGroup = 09EAA5901C5AECF300CF3E21 /* Products */;
			projectDirPath = "";
			projectRoot = "";
			targets = (
				09EAA58E1C5AECF300CF3E21 /* Sping Push Notification */,
				09EAA5A21C5AECF300CF3E21 /* Sping Push NotificationTests */,
				09EAA5AD1C5AECF300CF3E21 /* Sping Push NotificationUITests */,
			);
		};
/* End PBXProject section */

/* Begin PBXResourcesBuildPhase section */
		09EAA58D1C5AECF300CF3E21 /* Resources */ = {
			isa = PBXResourcesBuildPhase;
			buildActionMask = 2147483647;
			files = (
				09EAA59D1C5AECF300CF3E21 /* LaunchScreen.storyboard in Resources */,
				09EAA59A1C5AECF300CF3E21 /* Assets.xcassets in Resources */,
				09EAA5981C5AECF300CF3E21 /* Main.storyboard in Resources */,
			);
			runOnlyForDeploymentPostprocessing = 0;
		};
		09EAA5A11C5AECF300CF3E21 /* Resources */ = {
			isa = PBXResourcesBuildPhase;
			buildActionMask = 2147483647;
			files = (
			);
			runOnlyForDeploymentPostprocessing = 0;
		};
		09EAA5AC1C5AECF300CF3E21 /* Resources */ = {
			isa = PBXResourcesBuildPhase;
			buildActionMask = 2147483647;
			files = (
			);
			runOnlyForDeploymentPostprocessing = 0;
		};
/* End PBXResourcesBuildPhase section */

/* Begin PBXSourcesBuildPhase section */
		09EAA58B1C5AECF300CF3E21 /* Sources */ = {
			isa = PBXSourcesBuildPhase;
			buildActionMask = 2147483647;
			files = (
				09EAA5951C5AECF300CF3E21 /* ViewController.swift in Sources */,
				09EAA5931C5AECF300CF3E21 /* AppDelegate.swift in Sources */,
			);
			runOnlyForDeploymentPostprocessing = 0;
		};
		09EAA59F1C5AECF300CF3E21 /* Sources */ = {
			isa = PBXSourcesBuildPhase;
			buildActionMask = 2147483647;
			files = (
				09EAA5A81C5AECF300CF3E21 /* Sping_Push_NotificationTests.swift in Sources */,
			);
			runOnlyForDeploymentPostprocessing = 0;
		};
		09EAA5AA1C5AECF300CF3E21 /* Sources */ = {
			isa = PBXSourcesBuildPhase;
			buildActionMask = 2147483647;
			files = (
				09EAA5B31C5AECF300CF3E21 /* Sping_Push_NotificationUITests.swift in Sources */,
			);
			runOnlyForDeploymentPostprocessing = 0;
		};
/* End PBXSourcesBuildPhase section */

/* Begin PBXTargetDependency section */
		09EAA5A51C5AECF300CF3E21 /* PBXTargetDependency */ = {
			isa = PBXTargetDependency;
			target = 09EAA58E1C5AECF300CF3E21 /* Sping Push Notification */;
			targetProxy = 09EAA5A41C5AECF300CF3E21 /* PBXContainerItemProxy */;
		};
		09EAA5B01C5AECF300CF3E21 /* PBXTargetDependency */ = {
			isa = PBXTargetDependency;
			target = 09EAA58E1C5AECF300CF3E21 /* Sping Push Notification */;
			targetProxy = 09EAA5AF1C5AECF300CF3E21 /* PBXContainerItemProxy */;
		};
/* End PBXTargetDependency section */

/* Begin PBXVariantGroup section */
		09EAA5961C5AECF300CF3E21 /* Main.storyboard */ = {
			isa = PBXVariantGroup;
			children = (
				09EAA5971C5AECF300CF3E21 /* Base */,
			);
			name = Main.storyboard;
			sourceTree = "<group>";
		};
		09EAA59B1C5AECF300CF3E21 /* LaunchScreen.storyboard */ = {
			isa = PBXVariantGroup;
			children = (
				09EAA59C1C5AECF300CF3E21 /* Base */,
			);
			name = LaunchScreen.storyboard;
			sourceTree = "<group>";
		};
/* End PBXVariantGroup section */

/* Begin XCBuildConfiguration section */
		09EAA5B51C5AECF300CF3E21 /* Debug */ = {
			isa = XCBuildConfiguration;
			buildSettings = {
				ALWAYS_SEARCH_USER_PATHS = NO;
				CLANG_CXX_LANGUAGE_STANDARD = "gnu++0x";
				CLANG_CXX_LIBRARY = "libc++";
				CLANG_ENABLE_MODULES = YES;
				CLANG_ENABLE_OBJC_ARC = YES;
				CLANG_WARN_BOOL_CONVERSION = YES;
				CLANG_WARN_CONSTANT_CONVERSION = YES;
				CLANG_WARN_DIRECT_OBJC_ISA_USAGE = YES_ERROR;
				CLANG_WARN_EMPTY_BODY = YES;
				CLANG_WARN_ENUM_CONVERSION = YES;
				CLANG_WARN_INT_CONVERSION = YES;
				CLANG_WARN_OBJC_ROOT_CLASS = YES_ERROR;
				CLANG_WARN_UNREACHABLE_CODE = YES;
				CLANG_WARN__DUPLICATE_METHOD_MATCH = YES;
				"CODE_SIGN_IDENTITY[sdk=iphoneos*]" = "iPhone Developer";
				COPY_PHASE_STRIP = NO;
				DEBUG_INFORMATION_FORMAT = dwarf;
				ENABLE_STRICT_OBJC_MSGSEND = YES;
				ENABLE_TESTABILITY = YES;
				GCC_C_LANGUAGE_STANDARD = gnu99;
				GCC_DYNAMIC_NO_PIC = NO;
				GCC_NO_COMMON_BLOCKS = YES;
				GCC_OPTIMIZATION_LEVEL = 0;
				GCC_PREPROCESSOR_DEFINITIONS = (
					"DEBUG=1",
					"$(inherited)",
				);
				GCC_WARN_64_TO_32_BIT_CONVERSION = YES;
				GCC_WARN_ABOUT_RETURN_TYPE = YES_ERROR;
				GCC_WARN_UNDECLARED_SELECTOR = YES;
				GCC_WARN_UNINITIALIZED_AUTOS = YES_AGGRESSIVE;
				GCC_WARN_UNUSED_FUNCTION = YES;
				GCC_WARN_UNUSED_VARIABLE = YES;
				IPHONEOS_DEPLOYMENT_TARGET = 9.2;
				MTL_ENABLE_DEBUG_INFO = YES;
				ONLY_ACTIVE_ARCH = YES;
				SDKROOT = iphoneos;
				SWIFT_OPTIMIZATION_LEVEL = "-Onone";
				TARGETED_DEVICE_FAMILY = "1,2";
			};
			name = Debug;
		};
		09EAA5B61C5AECF300CF3E21 /* Release */ = {
			isa = XCBuildConfiguration;
			buildSettings = {
				ALWAYS_SEARCH_USER_PATHS = NO;
				CLANG_CXX_LANGUAGE_STANDARD = "gnu++0x";
				CLANG_CXX_LIBRARY = "libc++";
				CLANG_ENABLE_MODULES = YES;
				CLANG_ENABLE_OBJC_ARC = YES;
				CLANG_WARN_BOOL_CONVERSION = YES;
				CLANG_WARN_CONSTANT_CONVERSION = YES;
				CLANG_WARN_DIRECT_OBJC_ISA_USAGE = YES_ERROR;
				CLANG_WARN_EMPTY_BODY = YES;
				CLANG_WARN_ENUM_CONVERSION = YES;
				CLANG_WARN_INT_CONVERSION = YES;
				CLANG_WARN_OBJC_ROOT_CLASS = YES_ERROR;
				CLANG_WARN_UNREACHABLE_CODE = YES;
				CLANG_WARN__DUPLICATE_METHOD_MATCH = YES;
				"CODE_SIGN_IDENTITY[sdk=iphoneos*]" = "iPhone Developer";
				COPY_PHASE_STRIP = NO;
				DEBUG_INFORMATION_FORMAT = "dwarf-with-dsym";
				ENABLE_NS_ASSERTIONS = NO;
				ENABLE_STRICT_OBJC_MSGSEND = YES;
				GCC_C_LANGUAGE_STANDARD = gnu99;
				GCC_NO_COMMON_BLOCKS = YES;
				GCC_WARN_64_TO_32_BIT_CONVERSION = YES;
				GCC_WARN_ABOUT_RETURN_TYPE = YES_ERROR;
				GCC_WARN_UNDECLARED_SELECTOR = YES;
				GCC_WARN_UNINITIALIZED_AUTOS = YES_AGGRESSIVE;
				GCC_WARN_UNUSED_FUNCTION = YES;
				GCC_WARN_UNUSED_VARIABLE = YES;
				IPHONEOS_DEPLOYMENT_TARGET = 9.2;
				MTL_ENABLE_DEBUG_INFO = NO;
				SDKROOT = iphoneos;
				TARGETED_DEVICE_FAMILY = "1,2";
				VALIDATE_PRODUCT = YES;
			};
			name = Release;
		};
		09EAA5B81C5AECF300CF3E21 /* Debug */ = {
			isa = XCBuildConfiguration;
			buildSettings = {
				ASSETCATALOG_COMPILER_APPICON_NAME = AppIcon;
				CODE_SIGN_IDENTITY = "iPhone Developer";
				INFOPLIST_FILE = "Sping Push Notification/Info.plist";
				IPHONEOS_DEPLOYMENT_TARGET = 8.0;
				LD_RUNPATH_SEARCH_PATHS = "$(inherited) @executable_path/Frameworks";
				PRODUCT_BUNDLE_IDENTIFIER = au.com.sping.ios.pushnotification;
				PRODUCT_NAME = "$(TARGET_NAME)";
			};
			name = Debug;
		};
		09EAA5B91C5AECF300CF3E21 /* Release */ = {
			isa = XCBuildConfiguration;
			buildSettings = {
				ASSETCATALOG_COMPILER_APPICON_NAME = AppIcon;
				CODE_SIGN_IDENTITY = "iPhone Developer";
				INFOPLIST_FILE = "Sping Push Notification/Info.plist";
				IPHONEOS_DEPLOYMENT_TARGET = 8.0;
				LD_RUNPATH_SEARCH_PATHS = "$(inherited) @executable_path/Frameworks";
				PRODUCT_BUNDLE_IDENTIFIER = au.com.sping.ios.pushnotification;
				PRODUCT_NAME = "$(TARGET_NAME)";
			};
			name = Release;
		};
		09EAA5BB1C5AECF300CF3E21 /* Debug */ = {
			isa = XCBuildConfiguration;
			buildSettings = {
				BUNDLE_LOADER = "$(TEST_HOST)";
				INFOPLIST_FILE = "Sping Push NotificationTests/Info.plist";
				LD_RUNPATH_SEARCH_PATHS = "$(inherited) @executable_path/Frameworks @loader_path/Frameworks";
				PRODUCT_BUNDLE_IDENTIFIER = "au.com.sping.ios.Sping-Push-NotificationTests";
				PRODUCT_NAME = "$(TARGET_NAME)";
				TEST_HOST = "$(BUILT_PRODUCTS_DIR)/Sping Push Notification.app/Sping Push Notification";
			};
			name = Debug;
		};
		09EAA5BC1C5AECF300CF3E21 /* Release */ = {
			isa = XCBuildConfiguration;
			buildSettings = {
				BUNDLE_LOADER = "$(TEST_HOST)";
				INFOPLIST_FILE = "Sping Push NotificationTests/Info.plist";
				LD_RUNPATH_SEARCH_PATHS = "$(inherited) @executable_path/Frameworks @loader_path/Frameworks";
				PRODUCT_BUNDLE_IDENTIFIER = "au.com.sping.ios.Sping-Push-NotificationTests";
				PRODUCT_NAME = "$(TARGET_NAME)";
				TEST_HOST = "$(BUILT_PRODUCTS_DIR)/Sping Push Notification.app/Sping Push Notification";
			};
			name = Release;
		};
		09EAA5BE1C5AECF300CF3E21 /* Debug */ = {
			isa = XCBuildConfiguration;
			buildSettings = {
				INFOPLIST_FILE = "Sping Push NotificationUITests/Info.plist";
				LD_RUNPATH_SEARCH_PATHS = "$(inherited) @executable_path/Frameworks @loader_path/Frameworks";
				PRODUCT_BUNDLE_IDENTIFIER = "au.com.sping.ios.Sping-Push-NotificationUITests";
				PRODUCT_NAME = "$(TARGET_NAME)";
				TEST_TARGET_NAME = "Sping Push Notification";
				USES_XCTRUNNER = YES;
			};
			name = Debug;
		};
		09EAA5BF1C5AECF300CF3E21 /* Release */ = {
			isa = XCBuildConfiguration;
			buildSettings = {
				INFOPLIST_FILE = "Sping Push NotificationUITests/Info.plist";
				LD_RUNPATH_SEARCH_PATHS = "$(inherited) @executable_path/Frameworks @loader_path/Frameworks";
				PRODUCT_BUNDLE_IDENTIFIER = "au.com.sping.ios.Sping-Push-NotificationUITests";
				PRODUCT_NAME = "$(TARGET_NAME)";
				TEST_TARGET_NAME = "Sping Push Notification";
				USES_XCTRUNNER = YES;
			};
			name = Release;
		};
/* End XCBuildConfiguration section */

/* Begin XCConfigurationList section */
		09EAA58A1C5AECF300CF3E21 /* Build configuration list for PBXProject "Sping Push Notification" */ = {
			isa = XCConfigurationList;
			buildConfigurations = (
				09EAA5B51C5AECF300CF3E21 /* Debug */,
				09EAA5B61C5AECF300CF3E21 /* Release */,
			);
			defaultConfigurationIsVisible = 0;
			defaultConfigurationName = Release;
		};
		09EAA5B71C5AECF300CF3E21 /* Build configuration list for PBXNativeTarget "Sping Push Notification" */ = {
			isa = XCConfigurationList;
			buildConfigurations = (
				09EAA5B81C5AECF300CF3E21 /* Debug */,
				09EAA5B91C5AECF300CF3E21 /* Release */,
			);
			defaultConfigurationIsVisible = 0;
			defaultConfigurationName = Release;
		};
		09EAA5BA1C5AECF300CF3E21 /* Build configuration list for PBXNativeTarget "Sping Push NotificationTests" */ = {
			isa = XCConfigurationList;
			buildConfigurations = (
				09EAA5BB1C5AECF300CF3E21 /* Debug */,
				09EAA5BC1C5AECF300CF3E21 /* Release */,
			);
			defaultConfigurationIsVisible = 0;
			defaultConfigurationName = Release;
		};
		09EAA5BD1C5AECF300CF3E21 /* Build configuration list for PBXNativeTarget "Sping Push NotificationUITests" */ = {
			isa = XCConfigurationList;
			buildConfigurations = (
				09EAA5BE1C5AECF300CF3E21 /* Debug */,
				09EAA5BF1C5AECF300CF3E21 /* Release */,
			);
			defaultConfigurationIsVisible = 0;
			defaultConfigurationName = Release;
		};
/* End XCConfigurationList section */
	};
	rootObject = 09EAA5871C5AECF300CF3E21 /* Project object */;
}
